// !$*UTF8*$!
{
	archiveVersion = 1;
	classes = {
	};
	objectVersion = 55;
	objects = {

/* Begin PBXBuildFile section */
		E065B6DA28BDDE5900235D0B /* Earth.usdz in Resources */ = {isa = PBXBuildFile; fileRef = E065B6D328BDDE5900235D0B /* Earth.usdz */; };
		E065B6DB28BDDE5900235D0B /* Neptune.usdz in Resources */ = {isa = PBXBuildFile; fileRef = E065B6D428BDDE5900235D0B /* Neptune.usdz */; };
		E065B6DC28BDDE5900235D0B /* Venus.usdz in Resources */ = {isa = PBXBuildFile; fileRef = E065B6D528BDDE5900235D0B /* Venus.usdz */; };
		E065B6DD28BDDE5900235D0B /* Mercury.usdz in Resources */ = {isa = PBXBuildFile; fileRef = E065B6D628BDDE5900235D0B /* Mercury.usdz */; };
		E065B6DE28BDDE5900235D0B /* Mars.usdz in Resources */ = {isa = PBXBuildFile; fileRef = E065B6D728BDDE5900235D0B /* Mars.usdz */; };
		E065B6DF28BDDE5900235D0B /* Saturn.usdz in Resources */ = {isa = PBXBuildFile; fileRef = E065B6D828BDDE5900235D0B /* Saturn.usdz */; };
		E065B6E028BDDE5900235D0B /* Jupiter.usdz in Resources */ = {isa = PBXBuildFile; fileRef = E065B6D928BDDE5900235D0B /* Jupiter.usdz */; };
		E065B6E328BDE77700235D0B /* HomeView.swift in Sources */ = {isa = PBXBuildFile; fileRef = E065B6E228BDE77700235D0B /* HomeView.swift */; };
		E08DD5E528BDDC4600ED93B3 /* PlanetreeApp.swift in Sources */ = {isa = PBXBuildFile; fileRef = E08DD5E428BDDC4600ED93B3 /* PlanetreeApp.swift */; };
		E08DD5E728BDDC4600ED93B3 /* PlanetView.swift in Sources */ = {isa = PBXBuildFile; fileRef = E08DD5E628BDDC4600ED93B3 /* PlanetView.swift */; };
		E08DD5E928BDDC4800ED93B3 /* Assets.xcassets in Resources */ = {isa = PBXBuildFile; fileRef = E08DD5E828BDDC4800ED93B3 /* Assets.xcassets */; };
		E08DD5EC28BDDC4800ED93B3 /* Preview Assets.xcassets in Resources */ = {isa = PBXBuildFile; fileRef = E08DD5EB28BDDC4800ED93B3 /* Preview Assets.xcassets */; };
		E08DD5F328BDDC7000ED93B3 /* PlanetsModel.swift in Sources */ = {isa = PBXBuildFile; fileRef = E08DD5F228BDDC7000ED93B3 /* PlanetsModel.swift */; };
		E08DD5F528BDDC7E00ED93B3 /* NetworkManager.swift in Sources */ = {isa = PBXBuildFile; fileRef = E08DD5F428BDDC7E00ED93B3 /* NetworkManager.swift */; };
		E093C53628C4482800E5C08A /* GetStarted.swift in Sources */ = {isa = PBXBuildFile; fileRef = E093C53528C4482800E5C08A /* GetStarted.swift */; };
/* End PBXBuildFile section */

/* Begin PBXFileReference section */
		E065B6D328BDDE5900235D0B /* Earth.usdz */ = {isa = PBXFileReference; lastKnownFileType = file.usdz; path = Earth.usdz; sourceTree = "<group>"; };
		E065B6D428BDDE5900235D0B /* Neptune.usdz */ = {isa = PBXFileReference; lastKnownFileType = file.usdz; path = Neptune.usdz; sourceTree = "<group>"; };
		E065B6D528BDDE5900235D0B /* Venus.usdz */ = {isa = PBXFileReference; lastKnownFileType = file.usdz; path = Venus.usdz; sourceTree = "<group>"; };
		E065B6D628BDDE5900235D0B /* Mercury.usdz */ = {isa = PBXFileReference; lastKnownFileType = file.usdz; path = Mercury.usdz; sourceTree = "<group>"; };
		E065B6D728BDDE5900235D0B /* Mars.usdz */ = {isa = PBXFileReference; lastKnownFileType = file.usdz; path = Mars.usdz; sourceTree = "<group>"; };
		E065B6D828BDDE5900235D0B /* Saturn.usdz */ = {isa = PBXFileReference; lastKnownFileType = file.usdz; path = Saturn.usdz; sourceTree = "<group>"; };
		E065B6D928BDDE5900235D0B /* Jupiter.usdz */ = {isa = PBXFileReference; lastKnownFileType = file.usdz; path = Jupiter.usdz; sourceTree = "<group>"; };
		E065B6E228BDE77700235D0B /* HomeView.swift */ = {isa = PBXFileReference; lastKnownFileType = sourcecode.swift; path = HomeView.swift; sourceTree = "<group>"; };
		E08DD5E128BDDC4600ED93B3 /* Planetree.app */ = {isa = PBXFileReference; explicitFileType = wrapper.application; includeInIndex = 0; path = Planetree.app; sourceTree = BUILT_PRODUCTS_DIR; };
		E08DD5E428BDDC4600ED93B3 /* PlanetreeApp.swift */ = {isa = PBXFileReference; lastKnownFileType = sourcecode.swift; path = PlanetreeApp.swift; sourceTree = "<group>"; };
		E08DD5E628BDDC4600ED93B3 /* PlanetView.swift */ = {isa = PBXFileReference; lastKnownFileType = sourcecode.swift; path = PlanetView.swift; sourceTree = "<group>"; };
		E08DD5E828BDDC4800ED93B3 /* Assets.xcassets */ = {isa = PBXFileReference; lastKnownFileType = folder.assetcatalog; path = Assets.xcassets; sourceTree = "<group>"; };
		E08DD5EB28BDDC4800ED93B3 /* Preview Assets.xcassets */ = {isa = PBXFileReference; lastKnownFileType = folder.assetcatalog; path = "Preview Assets.xcassets"; sourceTree = "<group>"; };
		E08DD5F228BDDC7000ED93B3 /* PlanetsModel.swift */ = {isa = PBXFileReference; lastKnownFileType = sourcecode.swift; path = PlanetsModel.swift; sourceTree = "<group>"; };
		E08DD5F428BDDC7E00ED93B3 /* NetworkManager.swift */ = {isa = PBXFileReference; lastKnownFileType = sourcecode.swift; path = NetworkManager.swift; sourceTree = "<group>"; };
		E093C53528C4482800E5C08A /* GetStarted.swift */ = {isa = PBXFileReference; lastKnownFileType = sourcecode.swift; path = GetStarted.swift; sourceTree = "<group>"; };
/* End PBXFileReference section */

/* Begin PBXFrameworksBuildPhase section */
		E08DD5DE28BDDC4600ED93B3 /* Frameworks */ = {
			isa = PBXFrameworksBuildPhase;
			buildActionMask = 2147483647;
			files = (
			);
			runOnlyForDeploymentPostprocessing = 0;
		};
/* End PBXFrameworksBuildPhase section */

/* Begin PBXGroup section */
		E065B6E128BDDE7500235D0B /* Objects */ = {
			isa = PBXGroup;
			children = (
				E065B6D528BDDE5900235D0B /* Venus.usdz */,
				E065B6D328BDDE5900235D0B /* Earth.usdz */,
				E065B6D928BDDE5900235D0B /* Jupiter.usdz */,
				E065B6D728BDDE5900235D0B /* Mars.usdz */,
				E065B6D628BDDE5900235D0B /* Mercury.usdz */,
				E065B6D428BDDE5900235D0B /* Neptune.usdz */,
				E065B6D828BDDE5900235D0B /* Saturn.usdz */,
			);
			path = Objects;
			sourceTree = "<group>";
		};
		E08DD5D828BDDC4600ED93B3 = {
			isa = PBXGroup;
			children = (
				E08DD5E328BDDC4600ED93B3 /* Planetree */,
				E08DD5E228BDDC4600ED93B3 /* Products */,
			);
			sourceTree = "<group>";
		};
		E08DD5E228BDDC4600ED93B3 /* Products */ = {
			isa = PBXGroup;
			children = (
				E08DD5E128BDDC4600ED93B3 /* Planetree.app */,
			);
			name = Products;
			sourceTree = "<group>";
		};
		E08DD5E328BDDC4600ED93B3 /* Planetree */ = {
			isa = PBXGroup;
			children = (
				E08DD5E628BDDC4600ED93B3 /* PlanetView.swift */,
				E065B6E228BDE77700235D0B /* HomeView.swift */,
				E093C53528C4482800E5C08A /* GetStarted.swift */,
				E08DD5F228BDDC7000ED93B3 /* PlanetsModel.swift */,
				E08DD5F428BDDC7E00ED93B3 /* NetworkManager.swift */,
				E065B6E128BDDE7500235D0B /* Objects */,
				E08DD5E828BDDC4800ED93B3 /* Assets.xcassets */,
				E08DD5E428BDDC4600ED93B3 /* PlanetreeApp.swift */,
				E08DD5EA28BDDC4800ED93B3 /* Preview Content */,
			);
			path = Planetree;
			sourceTree = "<group>";
		};
		E08DD5EA28BDDC4800ED93B3 /* Preview Content */ = {
			isa = PBXGroup;
			children = (
				E08DD5EB28BDDC4800ED93B3 /* Preview Assets.xcassets */,
			);
			path = "Preview Content";
			sourceTree = "<group>";
		};
/* End PBXGroup section */

/* Begin PBXNativeTarget section */
		E08DD5E028BDDC4600ED93B3 /* Planetree */ = {
			isa = PBXNativeTarget;
			buildConfigurationList = E08DD5EF28BDDC4800ED93B3 /* Build configuration list for PBXNativeTarget "Planetree" */;
			buildPhases = (
				E08DD5DD28BDDC4600ED93B3 /* Sources */,
				E08DD5DE28BDDC4600ED93B3 /* Frameworks */,
				E08DD5DF28BDDC4600ED93B3 /* Resources */,
			);
			buildRules = (
			);
			dependencies = (
			);
			name = Planetree;
			productName = Planetree;
			productReference = E08DD5E128BDDC4600ED93B3 /* Planetree.app */;
			productType = "com.apple.product-type.application";
		};
/* End PBXNativeTarget section */

/* Begin PBXProject section */
		E08DD5D928BDDC4600ED93B3 /* Project object */ = {
			isa = PBXProject;
			attributes = {
				BuildIndependentTargetsInParallel = 1;
				LastSwiftUpdateCheck = 1340;
				LastUpgradeCheck = 1340;
				TargetAttributes = {
					E08DD5E028BDDC4600ED93B3 = {
						CreatedOnToolsVersion = 13.4.1;
					};
				};
			};
			buildConfigurationList = E08DD5DC28BDDC4600ED93B3 /* Build configuration list for PBXProject "Planetree" */;
			compatibilityVersion = "Xcode 13.0";
			developmentRegion = en;
			hasScannedForEncodings = 0;
			knownRegions = (
				en,
				Base,
			);
			mainGroup = E08DD5D828BDDC4600ED93B3;
			productRefGroup = E08DD5E228BDDC4600ED93B3 /* Products */;
			projectDirPath = "";
			projectRoot = "";
			targets = (
				E08DD5E028BDDC4600ED93B3 /* Planetree */,
			);
		};
/* End PBXProject section */

/* Begin PBXResourcesBuildPhase section */
		E08DD5DF28BDDC4600ED93B3 /* Resources */ = {
			isa = PBXResourcesBuildPhase;
			buildActionMask = 2147483647;
			files = (
				E065B6DA28BDDE5900235D0B /* Earth.usdz in Resources */,
				E065B6DB28BDDE5900235D0B /* Neptune.usdz in Resources */,
				E065B6DC28BDDE5900235D0B /* Venus.usdz in Resources */,
				E065B6DD28BDDE5900235D0B /* Mercury.usdz in Resources */,
				E065B6DE28BDDE5900235D0B /* Mars.usdz in Resources */,
				E065B6DF28BDDE5900235D0B /* Saturn.usdz in Resources */,
				E065B6E028BDDE5900235D0B /* Jupiter.usdz in Resources */,
				E08DD5EC28BDDC4800ED93B3 /* Preview Assets.xcassets in Resources */,
				E08DD5E928BDDC4800ED93B3 /* Assets.xcassets in Resources */,
			);
			runOnlyForDeploymentPostprocessing = 0;
		};
/* End PBXResourcesBuildPhase section */

/* Begin PBXSourcesBuildPhase section */
		E08DD5DD28BDDC4600ED93B3 /* Sources */ = {
			isa = PBXSourcesBuildPhase;
			buildActionMask = 2147483647;
			files = (
				E093C53628C4482800E5C08A /* GetStarted.swift in Sources */,
				E08DD5F528BDDC7E00ED93B3 /* NetworkManager.swift in Sources */,
				E08DD5E728BDDC4600ED93B3 /* PlanetView.swift in Sources */,
				E08DD5F328BDDC7000ED93B3 /* PlanetsModel.swift in Sources */,
				E065B6E328BDE77700235D0B /* HomeView.swift in Sources */,
				E08DD5E528BDDC4600ED93B3 /* PlanetreeApp.swift in Sources */,
			);
			runOnlyForDeploymentPostprocessing = 0;
		};
/* End PBXSourcesBuildPhase section */

/* Begin XCBuildConfiguration section */
		E08DD5ED28BDDC4800ED93B3 /* Debug */ = {
			isa = XCBuildConfiguration;
			buildSettings = {
				ALWAYS_SEARCH_USER_PATHS = NO;
				CLANG_ANALYZER_NONNULL = YES;
				CLANG_ANALYZER_NUMBER_OBJECT_CONVERSION = YES_AGGRESSIVE;
				CLANG_CXX_LANGUAGE_STANDARD = "gnu++17";
				CLANG_ENABLE_MODULES = YES;
				CLANG_ENABLE_OBJC_ARC = YES;
				CLANG_ENABLE_OBJC_WEAK = YES;
				CLANG_WARN_BLOCK_CAPTURE_AUTORELEASING = YES;
				CLANG_WARN_BOOL_CONVERSION = YES;
				CLANG_WARN_COMMA = YES;
				CLANG_WARN_CONSTANT_CONVERSION = YES;
				CLANG_WARN_DEPRECATED_OBJC_IMPLEMENTATIONS = YES;
				CLANG_WARN_DIRECT_OBJC_ISA_USAGE = YES_ERROR;
				CLANG_WARN_DOCUMENTATION_COMMENTS = YES;
				CLANG_WARN_EMPTY_BODY = YES;
				CLANG_WARN_ENUM_CONVERSION = YES;
				CLANG_WARN_INFINITE_RECURSION = YES;
				CLANG_WARN_INT_CONVERSION = YES;
				CLANG_WARN_NON_LITERAL_NULL_CONVERSION = YES;
				CLANG_WARN_OBJC_IMPLICIT_RETAIN_SELF = YES;
				CLANG_WARN_OBJC_LITERAL_CONVERSION = YES;
				CLANG_WARN_OBJC_ROOT_CLASS = YES_ERROR;
				CLANG_WARN_QUOTED_INCLUDE_IN_FRAMEWORK_HEADER = YES;
				CLANG_WARN_RANGE_LOOP_ANALYSIS = YES;
				CLANG_WARN_STRICT_PROTOTYPES = YES;
				CLANG_WARN_SUSPICIOUS_MOVE = YES;
				CLANG_WARN_UNGUARDED_AVAILABILITY = YES_AGGRESSIVE;
				CLANG_WARN_UNREACHABLE_CODE = YES;
				CLANG_WARN__DUPLICATE_METHOD_MATCH = YES;
				COPY_PHASE_STRIP = NO;
				DEBUG_INFORMATION_FORMAT = dwarf;
				ENABLE_STRICT_OBJC_MSGSEND = YES;
				ENABLE_TESTABILITY = YES;
				GCC_C_LANGUAGE_STANDARD = gnu11;
				GCC_DYNAMIC_NO_PIC = NO;
				GCC_NO_COMMON_BLOCKS = YES;
				GCC_OPTIMIZATION_LEVEL = 0;
				GCC_PREPROCESSOR_DEFINITIONS = (
					"DEBUG=1",
					"$(inherited)",
				);
				GCC_WARN_64_TO_32_BIT_CONVERSION = YES;
				GCC_WARN_ABOUT_RETURN_TYPE = YES_ERROR;
				GCC_WARN_UNDECLARED_SELECTOR = YES;
				GCC_WARN_UNINITIALIZED_AUTOS = YES_AGGRESSIVE;
				GCC_WARN_UNUSED_FUNCTION = YES;
				GCC_WARN_UNUSED_VARIABLE = YES;
				IPHONEOS_DEPLOYMENT_TARGET = 15.5;
				MTL_ENABLE_DEBUG_INFO = INCLUDE_SOURCE;
				MTL_FAST_MATH = YES;
				ONLY_ACTIVE_ARCH = YES;
				SDKROOT = iphoneos;
				SWIFT_ACTIVE_COMPILATION_CONDITIONS = DEBUG;
				SWIFT_OPTIMIZATION_LEVEL = "-Onone";
			};
			name = Debug;
		};
		E08DD5EE28BDDC4800ED93B3 /* Release */ = {
			isa = XCBuildConfiguration;
			buildSettings = {
				ALWAYS_SEARCH_USER_PATHS = NO;
				CLANG_ANALYZER_NONNULL = YES;
				CLANG_ANALYZER_NUMBER_OBJECT_CONVERSION = YES_AGGRESSIVE;
				CLANG_CXX_LANGUAGE_STANDARD = "gnu++17";
				CLANG_ENABLE_MODULES = YES;
				CLANG_ENABLE_OBJC_ARC = YES;
				CLANG_ENABLE_OBJC_WEAK = YES;
				CLANG_WARN_BLOCK_CAPTURE_AUTORELEASING = YES;
				CLANG_WARN_BOOL_CONVERSION = YES;
				CLANG_WARN_COMMA = YES;
				CLANG_WARN_CONSTANT_CONVERSION = YES;
				CLANG_WARN_DEPRECATED_OBJC_IMPLEMENTATIONS = YES;
				CLANG_WARN_DIRECT_OBJC_ISA_USAGE = YES_ERROR;
				CLANG_WARN_DOCUMENTATION_COMMENTS = YES;
				CLANG_WARN_EMPTY_BODY = YES;
				CLANG_WARN_ENUM_CONVERSION = YES;
				CLANG_WARN_INFINITE_RECURSION = YES;
				CLANG_WARN_INT_CONVERSION = YES;
				CLANG_WARN_NON_LITERAL_NULL_CONVERSION = YES;
				CLANG_WARN_OBJC_IMPLICIT_RETAIN_SELF = YES;
				CLANG_WARN_OBJC_LITERAL_CONVERSION = YES;
				CLANG_WARN_OBJC_ROOT_CLASS = YES_ERROR;
				CLANG_WARN_QUOTED_INCLUDE_IN_FRAMEWORK_HEADER = YES;
				CLANG_WARN_RANGE_LOOP_ANALYSIS = YES;
				CLANG_WARN_STRICT_PROTOTYPES = YES;
				CLANG_WARN_SUSPICIOUS_MOVE = YES;
				CLANG_WARN_UNGUARDED_AVAILABILITY = YES_AGGRESSIVE;
				CLANG_WARN_UNREACHABLE_CODE = YES;
				CLANG_WARN__DUPLICATE_METHOD_MATCH = YES;
				COPY_PHASE_STRIP = NO;
				DEBUG_INFORMATION_FORMAT = "dwarf-with-dsym";
				ENABLE_NS_ASSERTIONS = NO;
				ENABLE_STRICT_OBJC_MSGSEND = YES;
				GCC_C_LANGUAGE_STANDARD = gnu11;
				GCC_NO_COMMON_BLOCKS = YES;
				GCC_WARN_64_TO_32_BIT_CONVERSION = YES;
				GCC_WARN_ABOUT_RETURN_TYPE = YES_ERROR;
				GCC_WARN_UNDECLARED_SELECTOR = YES;
				GCC_WARN_UNINITIALIZED_AUTOS = YES_AGGRESSIVE;
				GCC_WARN_UNUSED_FUNCTION = YES;
				GCC_WARN_UNUSED_VARIABLE = YES;
				IPHONEOS_DEPLOYMENT_TARGET = 15.5;
				MTL_ENABLE_DEBUG_INFO = NO;
				MTL_FAST_MATH = YES;
				SDKROOT = iphoneos;
				SWIFT_COMPILATION_MODE = wholemodule;
				SWIFT_OPTIMIZATION_LEVEL = "-O";
				VALIDATE_PRODUCT = YES;
			};
			name = Release;
		};
		E08DD5F028BDDC4800ED93B3 /* Debug */ = {
			isa = XCBuildConfiguration;
			buildSettings = {
				ASSETCATALOG_COMPILER_APPICON_NAME = AppIcon;
				ASSETCATALOG_COMPILER_GLOBAL_ACCENT_COLOR_NAME = AccentColor;
				CODE_SIGN_STYLE = Automatic;
				CURRENT_PROJECT_VERSION = 1;
				DEVELOPMENT_ASSET_PATHS = "\"Planetree/Preview Content\"";
				DEVELOPMENT_TEAM = 96839QFWQR;
				ENABLE_PREVIEWS = YES;
				GENERATE_INFOPLIST_FILE = YES;
				INFOPLIST_KEY_UIApplicationSceneManifest_Generation = YES;
				INFOPLIST_KEY_UIApplicationSupportsIndirectInputEvents = YES;
				INFOPLIST_KEY_UILaunchScreen_Generation = YES;
				INFOPLIST_KEY_UISupportedInterfaceOrientations_iPad = "UIInterfaceOrientationPortrait UIInterfaceOrientationPortraitUpsideDown UIInterfaceOrientationLandscapeLeft UIInterfaceOrientationLandscapeRight";
				INFOPLIST_KEY_UISupportedInterfaceOrientations_iPhone = "UIInterfaceOrientationPortrait UIInterfaceOrientationLandscapeLeft UIInterfaceOrientationLandscapeRight";
				LD_RUNPATH_SEARCH_PATHS = (
					"$(inherited)",
					"@executable_path/Frameworks",
				);
				MARKETING_VERSION = 1.0;
				PRODUCT_BUNDLE_IDENTIFIER = None.Planetree;
				PRODUCT_NAME = "$(TARGET_NAME)";
				SWIFT_EMIT_LOC_STRINGS = YES;
				SWIFT_VERSION = 5.0;
				TARGETED_DEVICE_FAMILY = "1,2";
			};
			name = Debug;
		};
		E08DD5F128BDDC4800ED93B3 /* Release */ = {
			isa = XCBuildConfiguration;
			buildSettings = {
				ASSETCATALOG_COMPILER_APPICON_NAME = AppIcon;
				ASSETCATALOG_COMPILER_GLOBAL_ACCENT_COLOR_NAME = AccentColor;
				CODE_SIGN_STYLE = Automatic;
				CURRENT_PROJECT_VERSION = 1;
				DEVELOPMENT_ASSET_PATHS = "\"Planetree/Preview Content\"";
				DEVELOPMENT_TEAM = 96839QFWQR;
				ENABLE_PREVIEWS = YES;
				GENERATE_INFOPLIST_FILE = YES;
				INFOPLIST_KEY_UIApplicationSceneManifest_Generation = YES;
				INFOPLIST_KEY_UIApplicationSupportsIndirectInputEvents = YES;
				INFOPLIST_KEY_UILaunchScreen_Generation = YES;
				INFOPLIST_KEY_UISupportedInterfaceOrientations_iPad = "UIInterfaceOrientationPortrait UIInterfaceOrientationPortraitUpsideDown UIInterfaceOrientationLandscapeLeft UIInterfaceOrientationLandscapeRight";
				INFOPLIST_KEY_UISupportedInterfaceOrientations_iPhone = "UIInterfaceOrientationPortrait UIInterfaceOrientationLandscapeLeft UIInterfaceOrientationLandscapeRight";
				LD_RUNPATH_SEARCH_PATHS = (
					"$(inherited)",
					"@executable_path/Frameworks",
				);
				MARKETING_VERSION = 1.0;
				PRODUCT_BUNDLE_IDENTIFIER = None.Planetree;
				PRODUCT_NAME = "$(TARGET_NAME)";
				SWIFT_EMIT_LOC_STRINGS = YES;
				SWIFT_VERSION = 5.0;
				TARGETED_DEVICE_FAMILY = "1,2";
			};
			name = Release;
		};
/* End XCBuildConfiguration section */

/* Begin XCConfigurationList section */
		E08DD5DC28BDDC4600ED93B3 /* Build configuration list for PBXProject "Planetree" */ = {
			isa = XCConfigurationList;
			buildConfigurations = (
				E08DD5ED28BDDC4800ED93B3 /* Debug */,
				E08DD5EE28BDDC4800ED93B3 /* Release */,
			);
			defaultConfigurationIsVisible = 0;
			defaultConfigurationName = Release;
		};
		E08DD5EF28BDDC4800ED93B3 /* Build configuration list for PBXNativeTarget "Planetree" */ = {
			isa = XCConfigurationList;
			buildConfigurations = (
				E08DD5F028BDDC4800ED93B3 /* Debug */,
				E08DD5F128BDDC4800ED93B3 /* Release */,
			);
			defaultConfigurationIsVisible = 0;
			defaultConfigurationName = Release;
		};
/* End XCConfigurationList section */
	};
	rootObject = E08DD5D928BDDC4600ED93B3 /* Project object */;
}
